
Microsoft Visual Studio Solution File, Format Version 12.00
# Visual Studio 15
VisualStudioVersion = 15.0.27703.2035
MinimumVisualStudioVersion = 10.0.40219.1
Project("{FAE04EC0-301F-11D3-BF4B-00C04F79EFBC}") = "RaidBot", "RaidBot\RaidBot.csproj", "{7792A2D1-08B3-4C0A-BA8F-25A0E224490F}"
EndProject
Global
	GlobalSection(SolutionConfigurationPlatforms) = preSolution
		Debug|Any CPU = Debug|Any CPU
		Release|Any CPU = Release|Any CPU
	EndGlobalSection
	GlobalSection(ProjectConfigurationPlatforms) = postSolution
		{7792A2D1-08B3-4C0A-BA8F-25A0E224490F}.Debug|Any CPU.ActiveCfg = Debug|Any CPU
		{7792A2D1-08B3-4C0A-BA8F-25A0E224490F}.Debug|Any CPU.Build.0 = Debug|Any CPU
		{7792A2D1-08B3-4C0A-BA8F-25A0E224490F}.Release|Any CPU.ActiveCfg = Release|Any CPU
		{7792A2D1-08B3-4C0A-BA8F-25A0E224490F}.Release|Any CPU.Build.0 = Release|Any CPU
	EndGlobalSection
	GlobalSection(SolutionProperties) = preSolution
		HideSolutionNode = FALSE
	EndGlobalSection
	GlobalSection(ExtensibilityGlobals) = postSolution
		SolutionGuid = {11E50513-17DC-4015-B58D-5CB6EEFD256E}
	EndGlobalSection
EndGlobal
